{
  "object": {
    "pins": [
      {
        "package": "PromiseKit",
        "repositoryURL": "https://github.com/mxcl/PromiseKit",
        "state": {
          "branch": null,
          "revision": "0c4905628dad94ad7d7cc26a718ae0773a2b3d2d",
          "version": "4.4.1"
        }
      }
    ]
  },
  "version": 1
}
